
Microsoft Visual Studio Solution File, Format Version 12.00
# Visual Studio 15
VisualStudioVersion = 15.0.28010.2036
MinimumVisualStudioVersion = 10.0.40219.1
Project("{FAE04EC0-301F-11D3-BF4B-00C04F79EFBC}") = "Eduman", "EduMan\Eduman.csproj", "{5F45BA3D-A8A8-42AA-8D56-221B5D1453E9}"
EndProject
Project("{FAE04EC0-301F-11D3-BF4B-00C04F79EFBC}") = "Eduman.Models", "EduMan.Models\Eduman.Models.csproj", "{BB62C0EC-6545-40C1-8009-16B8D2D5818F}"
EndProject
Global
	GlobalSection(SolutionConfigurationPlatforms) = preSolution
		Debug|Any CPU = Debug|Any CPU
		Release|Any CPU = Release|Any CPU
	EndGlobalSection
	GlobalSection(ProjectConfigurationPlatforms) = postSolution
		{5F45BA3D-A8A8-42AA-8D56-221B5D1453E9}.Debug|Any CPU.ActiveCfg = Debug|Any CPU
		{5F45BA3D-A8A8-42AA-8D56-221B5D1453E9}.Debug|Any CPU.Build.0 = Debug|Any CPU
		{5F45BA3D-A8A8-42AA-8D56-221B5D1453E9}.Release|Any CPU.ActiveCfg = Release|Any CPU
		{5F45BA3D-A8A8-42AA-8D56-221B5D1453E9}.Release|Any CPU.Build.0 = Release|Any CPU
		{BB62C0EC-6545-40C1-8009-16B8D2D5818F}.Debug|Any CPU.ActiveCfg = Debug|Any CPU
		{BB62C0EC-6545-40C1-8009-16B8D2D5818F}.Debug|Any CPU.Build.0 = Debug|Any CPU
		{BB62C0EC-6545-40C1-8009-16B8D2D5818F}.Release|Any CPU.ActiveCfg = Release|Any CPU
		{BB62C0EC-6545-40C1-8009-16B8D2D5818F}.Release|Any CPU.Build.0 = Release|Any CPU
	EndGlobalSection
	GlobalSection(SolutionProperties) = preSolution
		HideSolutionNode = FALSE
	EndGlobalSection
	GlobalSection(ExtensibilityGlobals) = postSolution
		SolutionGuid = {E5564789-9459-4C51-9E80-0F80C58783AB}
	EndGlobalSection
EndGlobal
